
Microsoft Visual Studio Solution File, Format Version 12.00
# Visual Studio 15
VisualStudioVersion = 15.0.28307.168
MinimumVisualStudioVersion = 10.0.40219.1
Project("{FAE04EC0-301F-11D3-BF4B-00C04F79EFBC}") = "Pr0ScannerWpf", "Pr0ScannerWpf\Pr0ScannerWpf.csproj", "{8CD900AD-CF80-43EE-A8C9-0F6317CF4BEB}"
EndProject
Global
	GlobalSection(SolutionConfigurationPlatforms) = preSolution
		Debug|Any CPU = Debug|Any CPU
		Release|Any CPU = Release|Any CPU
	EndGlobalSection
	GlobalSection(ProjectConfigurationPlatforms) = postSolution
		{8CD900AD-CF80-43EE-A8C9-0F6317CF4BEB}.Debug|Any CPU.ActiveCfg = Debug|Any CPU
		{8CD900AD-CF80-43EE-A8C9-0F6317CF4BEB}.Debug|Any CPU.Build.0 = Debug|Any CPU
		{8CD900AD-CF80-43EE-A8C9-0F6317CF4BEB}.Release|Any CPU.ActiveCfg = Release|Any CPU
		{8CD900AD-CF80-43EE-A8C9-0F6317CF4BEB}.Release|Any CPU.Build.0 = Release|Any CPU
	EndGlobalSection
	GlobalSection(SolutionProperties) = preSolution
		HideSolutionNode = FALSE
	EndGlobalSection
	GlobalSection(ExtensibilityGlobals) = postSolution
		SolutionGuid = {B4940360-D150-40F8-B6A6-27F9714E7D00}
	EndGlobalSection
EndGlobal
